
Microsoft Visual Studio Solution File, Format Version 12.00
# Visual Studio Version 16
VisualStudioVersion = 16.0.29519.87
MinimumVisualStudioVersion = 10.0.40219.1
Project("{FAE04EC0-301F-11D3-BF4B-00C04F79EFBC}") = "ElixirWeekend", "ElixirWeekend\ElixirWeekend.csproj", "{F596A596-1167-410E-AD9C-B3DF2DC843B1}"
EndProject
Global
	GlobalSection(SolutionConfigurationPlatforms) = preSolution
		Debug|Any CPU = Debug|Any CPU
		Release|Any CPU = Release|Any CPU
	EndGlobalSection
	GlobalSection(ProjectConfigurationPlatforms) = postSolution
		{F596A596-1167-410E-AD9C-B3DF2DC843B1}.Debug|Any CPU.ActiveCfg = Debug|Any CPU
		{F596A596-1167-410E-AD9C-B3DF2DC843B1}.Debug|Any CPU.Build.0 = Debug|Any CPU
		{F596A596-1167-410E-AD9C-B3DF2DC843B1}.Release|Any CPU.ActiveCfg = Release|Any CPU
		{F596A596-1167-410E-AD9C-B3DF2DC843B1}.Release|Any CPU.Build.0 = Release|Any CPU
	EndGlobalSection
	GlobalSection(SolutionProperties) = preSolution
		HideSolutionNode = FALSE
	EndGlobalSection
	GlobalSection(ExtensibilityGlobals) = postSolution
		SolutionGuid = {3E96CF53-9E22-447B-B1B3-CA4EECEC5369}
	EndGlobalSection
EndGlobal
